
Microsoft Visual Studio Solution File, Format Version 12.00
# Visual Studio Version 17
VisualStudioVersion = 17.10.34928.147
MinimumVisualStudioVersion = 10.0.40219.1
Project("{FAE04EC0-301F-11D3-BF4B-00C04F79EFBC}") = "2MoneyPOC", "2MoneyPOC\2MoneyPOC.csproj", "{3EF137EC-D341-4E11-ACAF-250B34FD2F20}"
EndProject
Global
	GlobalSection(SolutionConfigurationPlatforms) = preSolution
		Debug|Any CPU = Debug|Any CPU
		Release|Any CPU = Release|Any CPU
	EndGlobalSection
	GlobalSection(ProjectConfigurationPlatforms) = postSolution
		{3EF137EC-D341-4E11-ACAF-250B34FD2F20}.Debug|Any CPU.ActiveCfg = Debug|Any CPU
		{3EF137EC-D341-4E11-ACAF-250B34FD2F20}.Debug|Any CPU.Build.0 = Debug|Any CPU
		{3EF137EC-D341-4E11-ACAF-250B34FD2F20}.Release|Any CPU.ActiveCfg = Release|Any CPU
		{3EF137EC-D341-4E11-ACAF-250B34FD2F20}.Release|Any CPU.Build.0 = Release|Any CPU
	EndGlobalSection
	GlobalSection(SolutionProperties) = preSolution
		HideSolutionNode = FALSE
	EndGlobalSection
	GlobalSection(ExtensibilityGlobals) = postSolution
		SolutionGuid = {D2F8246A-AFAB-4DA2-BBEC-A878A2A73255}
	EndGlobalSection
EndGlobal
